// !$*UTF8*$!
{
	archiveVersion = 1;
	classes = {
	};
	objectVersion = 50;
	objects = {

/* Begin PBXBuildFile section */
		06C1CCE92167D8690058EC7F /* AppDelegate.swift in Sources */ = {isa = PBXBuildFile; fileRef = 06C1CCE82167D8690058EC7F /* AppDelegate.swift */; };
		06C1CCEB2167D8690058EC7F /* GameScene.sks in Resources */ = {isa = PBXBuildFile; fileRef = 06C1CCEA2167D8690058EC7F /* GameScene.sks */; };
		06C1CCED2167D8690058EC7F /* Actions.sks in Resources */ = {isa = PBXBuildFile; fileRef = 06C1CCEC2167D8690058EC7F /* Actions.sks */; };
		06C1CCEF2167D8690058EC7F /* GameScene.swift in Sources */ = {isa = PBXBuildFile; fileRef = 06C1CCEE2167D8690058EC7F /* GameScene.swift */; };
		06C1CCF12167D8690058EC7F /* GameViewController.swift in Sources */ = {isa = PBXBuildFile; fileRef = 06C1CCF02167D8690058EC7F /* GameViewController.swift */; };
		06C1CCF42167D8690058EC7F /* Main.storyboard in Resources */ = {isa = PBXBuildFile; fileRef = 06C1CCF22167D8690058EC7F /* Main.storyboard */; };
		06C1CCF62167D86B0058EC7F /* Assets.xcassets in Resources */ = {isa = PBXBuildFile; fileRef = 06C1CCF52167D86B0058EC7F /* Assets.xcassets */; };
		06C1CCF92167D86B0058EC7F /* LaunchScreen.storyboard in Resources */ = {isa = PBXBuildFile; fileRef = 06C1CCF72167D86B0058EC7F /* LaunchScreen.storyboard */; };
/* End PBXBuildFile section */

/* Begin PBXFileReference section */
		06C1CCE52167D8680058EC7F /* Emu War.app */ = {isa = PBXFileReference; explicitFileType = wrapper.application; includeInIndex = 0; path = "Emu War.app"; sourceTree = BUILT_PRODUCTS_DIR; };
		06C1CCE82167D8690058EC7F /* AppDelegate.swift */ = {isa = PBXFileReference; lastKnownFileType = sourcecode.swift; path = AppDelegate.swift; sourceTree = "<group>"; };
		06C1CCEA2167D8690058EC7F /* GameScene.sks */ = {isa = PBXFileReference; lastKnownFileType = file.sks; path = GameScene.sks; sourceTree = "<group>"; };
		06C1CCEC2167D8690058EC7F /* Actions.sks */ = {isa = PBXFileReference; lastKnownFileType = file.sks; path = Actions.sks; sourceTree = "<group>"; };
		06C1CCEE2167D8690058EC7F /* GameScene.swift */ = {isa = PBXFileReference; lastKnownFileType = sourcecode.swift; path = GameScene.swift; sourceTree = "<group>"; };
		06C1CCF02167D8690058EC7F /* GameViewController.swift */ = {isa = PBXFileReference; lastKnownFileType = sourcecode.swift; path = GameViewController.swift; sourceTree = "<group>"; };
		06C1CCF32167D8690058EC7F /* Base */ = {isa = PBXFileReference; lastKnownFileType = file.storyboard; name = Base; path = Base.lproj/Main.storyboard; sourceTree = "<group>"; };
		06C1CCF52167D86B0058EC7F /* Assets.xcassets */ = {isa = PBXFileReference; lastKnownFileType = folder.assetcatalog; path = Assets.xcassets; sourceTree = "<group>"; };
		06C1CCF82167D86B0058EC7F /* Base */ = {isa = PBXFileReference; lastKnownFileType = file.storyboard; name = Base; path = Base.lproj/LaunchScreen.storyboard; sourceTree = "<group>"; };
		06C1CCFA2167D86B0058EC7F /* Info.plist */ = {isa = PBXFileReference; lastKnownFileType = text.plist.xml; path = Info.plist; sourceTree = "<group>"; };
/* End PBXFileReference section */

/* Begin PBXFrameworksBuildPhase section */
		06C1CCE22167D8680058EC7F /* Frameworks */ = {
			isa = PBXFrameworksBuildPhase;
			buildActionMask = 2147483647;
			files = (
			);
			runOnlyForDeploymentPostprocessing = 0;
		};
/* End PBXFrameworksBuildPhase section */

/* Begin PBXGroup section */
		06C1CCDC2167D8680058EC7F = {
			isa = PBXGroup;
			children = (
				06C1CCE72167D8680058EC7F /* Emu War */,
				06C1CCE62167D8680058EC7F /* Products */,
			);
			sourceTree = "<group>";
		};
		06C1CCE62167D8680058EC7F /* Products */ = {
			isa = PBXGroup;
			children = (
				06C1CCE52167D8680058EC7F /* Emu War.app */,
			);
			name = Products;
			sourceTree = "<group>";
		};
		06C1CCE72167D8680058EC7F /* Emu War */ = {
			isa = PBXGroup;
			children = (
				06C1CCE82167D8690058EC7F /* AppDelegate.swift */,
				06C1CCEA2167D8690058EC7F /* GameScene.sks */,
				06C1CCEC2167D8690058EC7F /* Actions.sks */,
				06C1CCEE2167D8690058EC7F /* GameScene.swift */,
				06C1CCF02167D8690058EC7F /* GameViewController.swift */,
				06C1CCF22167D8690058EC7F /* Main.storyboard */,
				06C1CCF52167D86B0058EC7F /* Assets.xcassets */,
				06C1CCF72167D86B0058EC7F /* LaunchScreen.storyboard */,
				06C1CCFA2167D86B0058EC7F /* Info.plist */,
			);
			path = "Emu War";
			sourceTree = "<group>";
		};
/* End PBXGroup section */

/* Begin PBXNativeTarget section */
		06C1CCE42167D8680058EC7F /* Emu War */ = {
			isa = PBXNativeTarget;
			buildConfigurationList = 06C1CCFD2167D86B0058EC7F /* Build configuration list for PBXNativeTarget "Emu War" */;
			buildPhases = (
				06C1CCE12167D8680058EC7F /* Sources */,
				06C1CCE22167D8680058EC7F /* Frameworks */,
				06C1CCE32167D8680058EC7F /* Resources */,
			);
			buildRules = (
			);
			dependencies = (
			);
			name = "Emu War";
			productName = "Emu War";
			productReference = 06C1CCE52167D8680058EC7F /* Emu War.app */;
			productType = "com.apple.product-type.application";
		};
/* End PBXNativeTarget section */

/* Begin PBXProject section */
		06C1CCDD2167D8680058EC7F /* Project object */ = {
			isa = PBXProject;
			attributes = {
				LastSwiftUpdateCheck = 1000;
				LastUpgradeCheck = 1000;
				ORGANIZATIONNAME = "Emir Sahbegovic";
				TargetAttributes = {
					06C1CCE42167D8680058EC7F = {
						CreatedOnToolsVersion = 10.0;
					};
				};
			};
			buildConfigurationList = 06C1CCE02167D8680058EC7F /* Build configuration list for PBXProject "Emu War" */;
			compatibilityVersion = "Xcode 9.3";
			developmentRegion = en;
			hasScannedForEncodings = 0;
			knownRegions = (
				en,
				Base,
			);
			mainGroup = 06C1CCDC2167D8680058EC7F;
			productRefGroup = 06C1CCE62167D8680058EC7F /* Products */;
			projectDirPath = "";
			projectRoot = "";
			targets = (
				06C1CCE42167D8680058EC7F /* Emu War */,
			);
		};
/* End PBXProject section */

/* Begin PBXResourcesBuildPhase section */
		06C1CCE32167D8680058EC7F /* Resources */ = {
			isa = PBXResourcesBuildPhase;
			buildActionMask = 2147483647;
			files = (
				06C1CCF42167D8690058EC7F /* Main.storyboard in Resources */,
				06C1CCEB2167D8690058EC7F /* GameScene.sks in Resources */,
				06C1CCF62167D86B0058EC7F /* Assets.xcassets in Resources */,
				06C1CCF92167D86B0058EC7F /* LaunchScreen.storyboard in Resources */,
				06C1CCED2167D8690058EC7F /* Actions.sks in Resources */,
			);
			runOnlyForDeploymentPostprocessing = 0;
		};
/* End PBXResourcesBuildPhase section */

/* Begin PBXSourcesBuildPhase section */
		06C1CCE12167D8680058EC7F /* Sources */ = {
			isa = PBXSourcesBuildPhase;
			buildActionMask = 2147483647;
			files = (
				06C1CCEF2167D8690058EC7F /* GameScene.swift in Sources */,
				06C1CCF12167D8690058EC7F /* GameViewController.swift in Sources */,
				06C1CCE92167D8690058EC7F /* AppDelegate.swift in Sources */,
			);
			runOnlyForDeploymentPostprocessing = 0;
		};
/* End PBXSourcesBuildPhase section */

/* Begin PBXVariantGroup section */
		06C1CCF22167D8690058EC7F /* Main.storyboard */ = {
			isa = PBXVariantGroup;
			children = (
				06C1CCF32167D8690058EC7F /* Base */,
			);
			name = Main.storyboard;
			sourceTree = "<group>";
		};
		06C1CCF72167D86B0058EC7F /* LaunchScreen.storyboard */ = {
			isa = PBXVariantGroup;
			children = (
				06C1CCF82167D86B0058EC7F /* Base */,
			);
			name = LaunchScreen.storyboard;
			sourceTree = "<group>";
		};
/* End PBXVariantGroup section */

/* Begin XCBuildConfiguration section */
		06C1CCFB2167D86B0058EC7F /* Debug */ = {
			isa = XCBuildConfiguration;
			buildSettings = {
				ALWAYS_SEARCH_USER_PATHS = NO;
				CLANG_ANALYZER_NONNULL = YES;
				CLANG_ANALYZER_NUMBER_OBJECT_CONVERSION = YES_AGGRESSIVE;
				CLANG_CXX_LANGUAGE_STANDARD = "gnu++14";
				CLANG_CXX_LIBRARY = "libc++";
				CLANG_ENABLE_MODULES = YES;
				CLANG_ENABLE_OBJC_ARC = YES;
				CLANG_ENABLE_OBJC_WEAK = YES;
				CLANG_WARN_BLOCK_CAPTURE_AUTORELEASING = YES;
				CLANG_WARN_BOOL_CONVERSION = YES;
				CLANG_WARN_COMMA = YES;
				CLANG_WARN_CONSTANT_CONVERSION = YES;
				CLANG_WARN_DEPRECATED_OBJC_IMPLEMENTATIONS = YES;
				CLANG_WARN_DIRECT_OBJC_ISA_USAGE = YES_ERROR;
				CLANG_WARN_DOCUMENTATION_COMMENTS = YES;
				CLANG_WARN_EMPTY_BODY = YES;
				CLANG_WARN_ENUM_CONVERSION = YES;
				CLANG_WARN_INFINITE_RECURSION = YES;
				CLANG_WARN_INT_CONVERSION = YES;
				CLANG_WARN_NON_LITERAL_NULL_CONVERSION = YES;
				CLANG_WARN_OBJC_IMPLICIT_RETAIN_SELF = YES;
				CLANG_WARN_OBJC_LITERAL_CONVERSION = YES;
				CLANG_WARN_OBJC_ROOT_CLASS = YES_ERROR;
				CLANG_WARN_RANGE_LOOP_ANALYSIS = YES;
				CLANG_WARN_STRICT_PROTOTYPES = YES;
				CLANG_WARN_SUSPICIOUS_MOVE = YES;
				CLANG_WARN_UNGUARDED_AVAILABILITY = YES_AGGRESSIVE;
				CLANG_WARN_UNREACHABLE_CODE = YES;
				CLANG_WARN__DUPLICATE_METHOD_MATCH = YES;
				CODE_SIGN_IDENTITY = "iPhone Developer";
				COPY_PHASE_STRIP = NO;
				DEBUG_INFORMATION_FORMAT = dwarf;
				ENABLE_STRICT_OBJC_MSGSEND = YES;
				ENABLE_TESTABILITY = YES;
				GCC_C_LANGUAGE_STANDARD = gnu11;
				GCC_DYNAMIC_NO_PIC = NO;
				GCC_NO_COMMON_BLOCKS = YES;
				GCC_OPTIMIZATION_LEVEL = 0;
				GCC_PREPROCESSOR_DEFINITIONS = (
					"DEBUG=1",
					"$(inherited)",
				);
				GCC_WARN_64_TO_32_BIT_CONVERSION = YES;
				GCC_WARN_ABOUT_RETURN_TYPE = YES_ERROR;
				GCC_WARN_UNDECLARED_SELECTOR = YES;
				GCC_WARN_UNINITIALIZED_AUTOS = YES_AGGRESSIVE;
				GCC_WARN_UNUSED_FUNCTION = YES;
				GCC_WARN_UNUSED_VARIABLE = YES;
				IPHONEOS_DEPLOYMENT_TARGET = 12.0;
				MTL_ENABLE_DEBUG_INFO = INCLUDE_SOURCE;
				MTL_FAST_MATH = YES;
				ONLY_ACTIVE_ARCH = YES;
				SDKROOT = iphoneos;
				SWIFT_ACTIVE_COMPILATION_CONDITIONS = DEBUG;
				SWIFT_OPTIMIZATION_LEVEL = "-Onone";
			};
			name = Debug;
		};
		06C1CCFC2167D86B0058EC7F /* Release */ = {
			isa = XCBuildConfiguration;
			buildSettings = {
				ALWAYS_SEARCH_USER_PATHS = NO;
				CLANG_ANALYZER_NONNULL = YES;
				CLANG_ANALYZER_NUMBER_OBJECT_CONVERSION = YES_AGGRESSIVE;
				CLANG_CXX_LANGUAGE_STANDARD = "gnu++14";
				CLANG_CXX_LIBRARY = "libc++";
				CLANG_ENABLE_MODULES = YES;
				CLANG_ENABLE_OBJC_ARC = YES;
				CLANG_ENABLE_OBJC_WEAK = YES;
				CLANG_WARN_BLOCK_CAPTURE_AUTORELEASING = YES;
				CLANG_WARN_BOOL_CONVERSION = YES;
				CLANG_WARN_COMMA = YES;
				CLANG_WARN_CONSTANT_CONVERSION = YES;
				CLANG_WARN_DEPRECATED_OBJC_IMPLEMENTATIONS = YES;
				CLANG_WARN_DIRECT_OBJC_ISA_USAGE = YES_ERROR;
				CLANG_WARN_DOCUMENTATION_COMMENTS = YES;
				CLANG_WARN_EMPTY_BODY = YES;
				CLANG_WARN_ENUM_CONVERSION = YES;
				CLANG_WARN_INFINITE_RECURSION = YES;
				CLANG_WARN_INT_CONVERSION = YES;
				CLANG_WARN_NON_LITERAL_NULL_CONVERSION = YES;
				CLANG_WARN_OBJC_IMPLICIT_RETAIN_SELF = YES;
				CLANG_WARN_OBJC_LITERAL_CONVERSION = YES;
				CLANG_WARN_OBJC_ROOT_CLASS = YES_ERROR;
				CLANG_WARN_RANGE_LOOP_ANALYSIS = YES;
				CLANG_WARN_STRICT_PROTOTYPES = YES;
				CLANG_WARN_SUSPICIOUS_MOVE = YES;
				CLANG_WARN_UNGUARDED_AVAILABILITY = YES_AGGRESSIVE;
				CLANG_WARN_UNREACHABLE_CODE = YES;
				CLANG_WARN__DUPLICATE_METHOD_MATCH = YES;
				CODE_SIGN_IDENTITY = "iPhone Developer";
				COPY_PHASE_STRIP = NO;
				DEBUG_INFORMATION_FORMAT = "dwarf-with-dsym";
				ENABLE_NS_ASSERTIONS = NO;
				ENABLE_STRICT_OBJC_MSGSEND = YES;
				GCC_C_LANGUAGE_STANDARD = gnu11;
				GCC_NO_COMMON_BLOCKS = YES;
				GCC_WARN_64_TO_32_BIT_CONVERSION = YES;
				GCC_WARN_ABOUT_RETURN_TYPE = YES_ERROR;
				GCC_WARN_UNDECLARED_SELECTOR = YES;
				GCC_WARN_UNINITIALIZED_AUTOS = YES_AGGRESSIVE;
				GCC_WARN_UNUSED_FUNCTION = YES;
				GCC_WARN_UNUSED_VARIABLE = YES;
				IPHONEOS_DEPLOYMENT_TARGET = 12.0;
				MTL_ENABLE_DEBUG_INFO = NO;
				MTL_FAST_MATH = YES;
				SDKROOT = iphoneos;
				SWIFT_COMPILATION_MODE = wholemodule;
				SWIFT_OPTIMIZATION_LEVEL = "-O";
				VALIDATE_PRODUCT = YES;
			};
			name = Release;
		};
		06C1CCFE2167D86B0058EC7F /* Debug */ = {
			isa = XCBuildConfiguration;
			buildSettings = {
				ASSETCATALOG_COMPILER_APPICON_NAME = AppIcon;
				CODE_SIGN_STYLE = Automatic;
				INFOPLIST_FILE = "Emu War/Info.plist";
				LD_RUNPATH_SEARCH_PATHS = (
					"$(inherited)",
					"@executable_path/Frameworks",
				);
				PRODUCT_BUNDLE_IDENTIFIER = "Sahbegovic-Emir.Emu-War";
				PRODUCT_NAME = "$(TARGET_NAME)";
				SWIFT_VERSION = 4.2;
				TARGETED_DEVICE_FAMILY = "1,2";
			};
			name = Debug;
		};
		06C1CCFF2167D86B0058EC7F /* Release */ = {
			isa = XCBuildConfiguration;
			buildSettings = {
				ASSETCATALOG_COMPILER_APPICON_NAME = AppIcon;
				CODE_SIGN_STYLE = Automatic;
				INFOPLIST_FILE = "Emu War/Info.plist";
				LD_RUNPATH_SEARCH_PATHS = (
					"$(inherited)",
					"@executable_path/Frameworks",
				);
				PRODUCT_BUNDLE_IDENTIFIER = "Sahbegovic-Emir.Emu-War";
				PRODUCT_NAME = "$(TARGET_NAME)";
				SWIFT_VERSION = 4.2;
				TARGETED_DEVICE_FAMILY = "1,2";
			};
			name = Release;
		};
/* End XCBuildConfiguration section */

/* Begin XCConfigurationList section */
		06C1CCE02167D8680058EC7F /* Build configuration list for PBXProject "Emu War" */ = {
			isa = XCConfigurationList;
			buildConfigurations = (
				06C1CCFB2167D86B0058EC7F /* Debug */,
				06C1CCFC2167D86B0058EC7F /* Release */,
			);
			defaultConfigurationIsVisible = 0;
			defaultConfigurationName = Release;
		};
		06C1CCFD2167D86B0058EC7F /* Build configuration list for PBXNativeTarget "Emu War" */ = {
			isa = XCConfigurationList;
			buildConfigurations = (
				06C1CCFE2167D86B0058EC7F /* Debug */,
				06C1CCFF2167D86B0058EC7F /* Release */,
			);
			defaultConfigurationIsVisible = 0;
			defaultConfigurationName = Release;
		};
/* End XCConfigurationList section */
	};
	rootObject = 06C1CCDD2167D8680058EC7F /* Project object */;
}
